hash: df93975d9f27be06181aa64adee0efc389c7297256bf737214a3b6a55b38bf46
updated: 2016-07-22T17:08:59.750729942-07:00
imports:
- name: github.com/jinzhu/gorm
  version: a646b13548ec0aa812fe805b2780f460dd2771b6
  subpackages:
  - dialects/postgres
- name: github.com/jinzhu/inflection
  version: 8f4d3a0d04ce0b7c0cf3126fb98524246d00d102
- name: golang.org/x/text
  version: 0a5a09ee4409a616bfa03115120f0bffacdff508
  subpackages:
  - encoding/traditionalchinese
  - transform
  - encoding
  - encoding/internal
  - encoding/internal/identifier
testImports:
- name: github.com/go-sql-driver/mysql
  version: 3654d25ec346ee8ce71a68431025458d52a38ac0
- name: github.com/lib/pq
  version: 4dd446efc17690bc53e154025146f73203b18309
